
Microsoft Visual Studio Solution File, Format Version 12.00
# Visual Studio Version 16
VisualStudioVersion = 16.0.29613.14
MinimumVisualStudioVersion = 10.0.40219.1
Project("{9A19103F-16F7-4668-BE54-9A1E7A4F7556}") = "FastDev.Model", "FastDev.Model\FastDev.Model.csproj", "{40784917-2556-427C-BF59-C11105C8B488}"
EndProject
Project("{9A19103F-16F7-4668-BE54-9A1E7A4F7556}") = "FastDev.Common", "FastDev.Common\FastDev.Common.csproj", "{9DFD4EFA-43EB-4EE1-8954-E4C08F94C7E9}"
EndProject
Project("{9A19103F-16F7-4668-BE54-9A1E7A4F7556}") = "FastDev.DevDB", "FastDev.DevDB\FastDev.DevDB.csproj", "{C04AFA20-AE23-4067-9E46-CAE2C29A5FAE}"
EndProject
Project("{9A19103F-16F7-4668-BE54-9A1E7A4F7556}") = "FastDev.RunWeb", "FastDev.RunWeb\FastDev.RunWeb.csproj", "{D214C2AB-680D-4847-80EE-9FD6BA59DFDE}"
EndProject
Project("{2150E333-8FDC-42A3-9474-1A3956D46DE8}") = "Component", "Component", "{B2285389-1787-4D5F-B46E-91BC6B8175E7}"
EndProject
Project("{9A19103F-16F7-4668-BE54-9A1E7A4F7556}") = "UEditor.Core", "Component\UEditor.Core\UEditor.Core.csproj", "{BC4EE6C7-CB67-409E-8135-4037E4BA8181}"
EndProject
Project("{9A19103F-16F7-4668-BE54-9A1E7A4F7556}") = "PetaPoco", "Component\PetaPoco\PetaPoco.csproj", "{523D3BA2-5943-4565-A71A-940194B5FBFC}"
EndProject
Project("{9A19103F-16F7-4668-BE54-9A1E7A4F7556}") = "FastDev.Model.Core", "Component\FastDev.Model.Core\FastDev.Model.Core.csproj", "{D7C1C40A-F15C-4642-A55D-F2D901B2F148}"
EndProject
Project("{9A19103F-16F7-4668-BE54-9A1E7A4F7556}") = "FastDev.Service", "FastDev.Service\FastDev.Service.csproj", "{A959423A-CE69-4936-9506-47AA8EBAEDE1}"
EndProject
Project("{FAE04EC0-301F-11D3-BF4B-00C04F79EFBC}") = "FastDev.IService", "FastDev.IService\FastDev.IService.csproj", "{324D4A1C-00BF-4435-BC04-8F5B9D077A0D}"
EndProject
Project("{2150E333-8FDC-42A3-9474-1A3956D46DE8}") = "1Service", "1Service", "{201E7492-27DE-4FB1-B1EA-E01A997F159E}"
EndProject
Global
	GlobalSection(SolutionConfigurationPlatforms) = preSolution
		Debug|Any CPU = Debug|Any CPU
		Release|Any CPU = Release|Any CPU
	EndGlobalSection
	GlobalSection(ProjectConfigurationPlatforms) = postSolution
		{40784917-2556-427C-BF59-C11105C8B488}.Debug|Any CPU.ActiveCfg = Debug|Any CPU
		{40784917-2556-427C-BF59-C11105C8B488}.Debug|Any CPU.Build.0 = Debug|Any CPU
		{40784917-2556-427C-BF59-C11105C8B488}.Release|Any CPU.ActiveCfg = Release|Any CPU
		{40784917-2556-427C-BF59-C11105C8B488}.Release|Any CPU.Build.0 = Release|Any CPU
		{9DFD4EFA-43EB-4EE1-8954-E4C08F94C7E9}.Debug|Any CPU.ActiveCfg = Debug|Any CPU
		{9DFD4EFA-43EB-4EE1-8954-E4C08F94C7E9}.Debug|Any CPU.Build.0 = Debug|Any CPU
		{9DFD4EFA-43EB-4EE1-8954-E4C08F94C7E9}.Release|Any CPU.ActiveCfg = Release|Any CPU
		{9DFD4EFA-43EB-4EE1-8954-E4C08F94C7E9}.Release|Any CPU.Build.0 = Release|Any CPU
		{C04AFA20-AE23-4067-9E46-CAE2C29A5FAE}.Debug|Any CPU.ActiveCfg = Debug|Any CPU
		{C04AFA20-AE23-4067-9E46-CAE2C29A5FAE}.Debug|Any CPU.Build.0 = Debug|Any CPU
		{C04AFA20-AE23-4067-9E46-CAE2C29A5FAE}.Release|Any CPU.ActiveCfg = Release|Any CPU
		{C04AFA20-AE23-4067-9E46-CAE2C29A5FAE}.Release|Any CPU.Build.0 = Release|Any CPU
		{D214C2AB-680D-4847-80EE-9FD6BA59DFDE}.Debug|Any CPU.ActiveCfg = Debug|Any CPU
		{D214C2AB-680D-4847-80EE-9FD6BA59DFDE}.Debug|Any CPU.Build.0 = Debug|Any CPU
		{D214C2AB-680D-4847-80EE-9FD6BA59DFDE}.Release|Any CPU.ActiveCfg = Release|Any CPU
		{D214C2AB-680D-4847-80EE-9FD6BA59DFDE}.Release|Any CPU.Build.0 = Release|Any CPU
		{BC4EE6C7-CB67-409E-8135-4037E4BA8181}.Debug|Any CPU.ActiveCfg = Debug|Any CPU
		{BC4EE6C7-CB67-409E-8135-4037E4BA8181}.Release|Any CPU.ActiveCfg = Release|Any CPU
		{BC4EE6C7-CB67-409E-8135-4037E4BA8181}.Release|Any CPU.Build.0 = Release|Any CPU
		{523D3BA2-5943-4565-A71A-940194B5FBFC}.Debug|Any CPU.ActiveCfg = Debug|Any CPU
		{523D3BA2-5943-4565-A71A-940194B5FBFC}.Release|Any CPU.ActiveCfg = Release|Any CPU
		{523D3BA2-5943-4565-A71A-940194B5FBFC}.Release|Any CPU.Build.0 = Release|Any CPU
		{D7C1C40A-F15C-4642-A55D-F2D901B2F148}.Debug|Any CPU.ActiveCfg = Debug|Any CPU
		{D7C1C40A-F15C-4642-A55D-F2D901B2F148}.Release|Any CPU.ActiveCfg = Release|Any CPU
		{D7C1C40A-F15C-4642-A55D-F2D901B2F148}.Release|Any CPU.Build.0 = Release|Any CPU
		{A959423A-CE69-4936-9506-47AA8EBAEDE1}.Debug|Any CPU.ActiveCfg = Debug|Any CPU
		{A959423A-CE69-4936-9506-47AA8EBAEDE1}.Debug|Any CPU.Build.0 = Debug|Any CPU
		{A959423A-CE69-4936-9506-47AA8EBAEDE1}.Release|Any CPU.ActiveCfg = Release|Any CPU
		{A959423A-CE69-4936-9506-47AA8EBAEDE1}.Release|Any CPU.Build.0 = Release|Any CPU
		{324D4A1C-00BF-4435-BC04-8F5B9D077A0D}.Debug|Any CPU.ActiveCfg = Debug|Any CPU
		{324D4A1C-00BF-4435-BC04-8F5B9D077A0D}.Debug|Any CPU.Build.0 = Debug|Any CPU
		{324D4A1C-00BF-4435-BC04-8F5B9D077A0D}.Release|Any CPU.ActiveCfg = Release|Any CPU
		{324D4A1C-00BF-4435-BC04-8F5B9D077A0D}.Release|Any CPU.Build.0 = Release|Any CPU
	EndGlobalSection
	GlobalSection(SolutionProperties) = preSolution
		HideSolutionNode = FALSE
	EndGlobalSection
	GlobalSection(NestedProjects) = preSolution
		{BC4EE6C7-CB67-409E-8135-4037E4BA8181} = {B2285389-1787-4D5F-B46E-91BC6B8175E7}
		{523D3BA2-5943-4565-A71A-940194B5FBFC} = {B2285389-1787-4D5F-B46E-91BC6B8175E7}
		{D7C1C40A-F15C-4642-A55D-F2D901B2F148} = {B2285389-1787-4D5F-B46E-91BC6B8175E7}
		{A959423A-CE69-4936-9506-47AA8EBAEDE1} = {201E7492-27DE-4FB1-B1EA-E01A997F159E}
		{324D4A1C-00BF-4435-BC04-8F5B9D077A0D} = {201E7492-27DE-4FB1-B1EA-E01A997F159E}
	EndGlobalSection
	GlobalSection(ExtensibilityGlobals) = postSolution
		SolutionGuid = {EB01D92A-5AA8-4BA0-A06A-A6A4C8848340}
	EndGlobalSection
EndGlobal
